
Microsoft Visual Studio Solution File, Format Version 12.00
# Visual Studio Version 17
VisualStudioVersion = 17.0.31903.59
MinimumVisualStudioVersion = 10.0.40219.1
Project("{2150E333-8FDC-42A3-9474-1A3956D46DE8}") = "tests", "tests", "{0AB3BF05-4346-4AA6-1389-037BE0695223}"
EndProject
Project("{FAE04EC0-301F-11D3-BF4B-00C04F79EFBC}") = "Toyopuc", "src\Toyopuc\PlcComm.Toyopuc.csproj", "{57BFDF2D-D1A9-44B5-B852-5C2F74FF3DBC}"
EndProject
Project("{FAE04EC0-301F-11D3-BF4B-00C04F79EFBC}") = "PlcComm.Toyopuc.Tests", "tests\PlcComm.Toyopuc.Tests\PlcComm.Toyopuc.Tests.csproj", "{7B7DCFAD-6A58-4897-8ABE-7A260EAAF99F}"
EndProject
Project("{2150E333-8FDC-42A3-9474-1A3956D46DE8}") = "examples", "examples", "{B36A84DF-456D-A817-6EDD-3EC3E7F6E11F}"
EndProject
Project("{FAE04EC0-301F-11D3-BF4B-00C04F79EFBC}") = "PlcComm.Toyopuc.SmokeTest", "examples\PlcComm.Toyopuc.SmokeTest\PlcComm.Toyopuc.SmokeTest.csproj", "{C5E8B583-1218-44BE-93CE-6F8736037DB0}"
EndProject
Project("{FAE04EC0-301F-11D3-BF4B-00C04F79EFBC}") = "PlcComm.Toyopuc.MinimalRead", "examples\PlcComm.Toyopuc.MinimalRead\PlcComm.Toyopuc.MinimalRead.csproj", "{FF62C6CB-619F-4491-8741-CE7A8D140A97}"
EndProject
Project("{FAE04EC0-301F-11D3-BF4B-00C04F79EFBC}") = "PlcComm.Toyopuc.DeviceMonitor", "examples\PlcComm.Toyopuc.DeviceMonitor\PlcComm.Toyopuc.DeviceMonitor.csproj", "{5F41F5DB-150D-4C0C-8FEE-4974410D7F3D}"
EndProject
Project("{FAE04EC0-301F-11D3-BF4B-00C04F79EFBC}") = "PlcComm.Toyopuc.SoakMonitor", "examples\PlcComm.Toyopuc.SoakMonitor\PlcComm.Toyopuc.SoakMonitor.csproj", "{4FADEEE0-8EB3-49DB-948E-D6C79CF2D1B5}"
EndProject
Project("{FAE04EC0-301F-11D3-BF4B-00C04F79EFBC}") = "PlcComm.Toyopuc.WriteLimitProbe", "examples\PlcComm.Toyopuc.WriteLimitProbe\PlcComm.Toyopuc.WriteLimitProbe.csproj", "{E50B5B61-DDC4-4C96-B87F-BAB4FDE53266}"
EndProject
Project("{FAE04EC0-301F-11D3-BF4B-00C04F79EFBC}") = "PlcComm.Toyopuc.BitPatternProbe", "examples\PlcComm.Toyopuc.BitPatternProbe\PlcComm.Toyopuc.BitPatternProbe.csproj", "{E67066E7-E3C0-4AE3-99A5-EC4E9F611E11}"
EndProject
Global
	GlobalSection(SolutionConfigurationPlatforms) = preSolution
		Debug|Any CPU = Debug|Any CPU
		Debug|x64 = Debug|x64
		Debug|x86 = Debug|x86
		Release|Any CPU = Release|Any CPU
		Release|x64 = Release|x64
		Release|x86 = Release|x86
	EndGlobalSection
	GlobalSection(ProjectConfigurationPlatforms) = postSolution
		{57BFDF2D-D1A9-44B5-B852-5C2F74FF3DBC}.Debug|Any CPU.ActiveCfg = Debug|Any CPU
		{57BFDF2D-D1A9-44B5-B852-5C2F74FF3DBC}.Debug|Any CPU.Build.0 = Debug|Any CPU
		{57BFDF2D-D1A9-44B5-B852-5C2F74FF3DBC}.Debug|x64.ActiveCfg = Debug|Any CPU
		{57BFDF2D-D1A9-44B5-B852-5C2F74FF3DBC}.Debug|x64.Build.0 = Debug|Any CPU
		{57BFDF2D-D1A9-44B5-B852-5C2F74FF3DBC}.Debug|x86.ActiveCfg = Debug|Any CPU
		{57BFDF2D-D1A9-44B5-B852-5C2F74FF3DBC}.Debug|x86.Build.0 = Debug|Any CPU
		{57BFDF2D-D1A9-44B5-B852-5C2F74FF3DBC}.Release|Any CPU.ActiveCfg = Release|Any CPU
		{57BFDF2D-D1A9-44B5-B852-5C2F74FF3DBC}.Release|Any CPU.Build.0 = Release|Any CPU
		{57BFDF2D-D1A9-44B5-B852-5C2F74FF3DBC}.Release|x64.ActiveCfg = Release|Any CPU
		{57BFDF2D-D1A9-44B5-B852-5C2F74FF3DBC}.Release|x64.Build.0 = Release|Any CPU
		{57BFDF2D-D1A9-44B5-B852-5C2F74FF3DBC}.Release|x86.ActiveCfg = Release|Any CPU
		{57BFDF2D-D1A9-44B5-B852-5C2F74FF3DBC}.Release|x86.Build.0 = Release|Any CPU
		{7B7DCFAD-6A58-4897-8ABE-7A260EAAF99F}.Debug|Any CPU.ActiveCfg = Debug|Any CPU
		{7B7DCFAD-6A58-4897-8ABE-7A260EAAF99F}.Debug|Any CPU.Build.0 = Debug|Any CPU
		{7B7DCFAD-6A58-4897-8ABE-7A260EAAF99F}.Debug|x64.ActiveCfg = Debug|Any CPU
		{7B7DCFAD-6A58-4897-8ABE-7A260EAAF99F}.Debug|x64.Build.0 = Debug|Any CPU
		{7B7DCFAD-6A58-4897-8ABE-7A260EAAF99F}.Debug|x86.ActiveCfg = Debug|Any CPU
		{7B7DCFAD-6A58-4897-8ABE-7A260EAAF99F}.Debug|x86.Build.0 = Debug|Any CPU
		{7B7DCFAD-6A58-4897-8ABE-7A260EAAF99F}.Release|Any CPU.ActiveCfg = Release|Any CPU
		{7B7DCFAD-6A58-4897-8ABE-7A260EAAF99F}.Release|Any CPU.Build.0 = Release|Any CPU
		{7B7DCFAD-6A58-4897-8ABE-7A260EAAF99F}.Release|x64.ActiveCfg = Release|Any CPU
		{7B7DCFAD-6A58-4897-8ABE-7A260EAAF99F}.Release|x64.Build.0 = Release|Any CPU
		{7B7DCFAD-6A58-4897-8ABE-7A260EAAF99F}.Release|x86.ActiveCfg = Release|Any CPU
		{7B7DCFAD-6A58-4897-8ABE-7A260EAAF99F}.Release|x86.Build.0 = Release|Any CPU
		{C5E8B583-1218-44BE-93CE-6F8736037DB0}.Debug|Any CPU.ActiveCfg = Debug|Any CPU
		{C5E8B583-1218-44BE-93CE-6F8736037DB0}.Debug|Any CPU.Build.0 = Debug|Any CPU
		{C5E8B583-1218-44BE-93CE-6F8736037DB0}.Debug|x64.ActiveCfg = Debug|Any CPU
		{C5E8B583-1218-44BE-93CE-6F8736037DB0}.Debug|x64.Build.0 = Debug|Any CPU
		{C5E8B583-1218-44BE-93CE-6F8736037DB0}.Debug|x86.ActiveCfg = Debug|Any CPU
		{C5E8B583-1218-44BE-93CE-6F8736037DB0}.Debug|x86.Build.0 = Debug|Any CPU
		{C5E8B583-1218-44BE-93CE-6F8736037DB0}.Release|Any CPU.ActiveCfg = Release|Any CPU
		{C5E8B583-1218-44BE-93CE-6F8736037DB0}.Release|Any CPU.Build.0 = Release|Any CPU
		{C5E8B583-1218-44BE-93CE-6F8736037DB0}.Release|x64.ActiveCfg = Release|Any CPU
		{C5E8B583-1218-44BE-93CE-6F8736037DB0}.Release|x64.Build.0 = Release|Any CPU
		{C5E8B583-1218-44BE-93CE-6F8736037DB0}.Release|x86.ActiveCfg = Release|Any CPU
		{C5E8B583-1218-44BE-93CE-6F8736037DB0}.Release|x86.Build.0 = Release|Any CPU
		{FF62C6CB-619F-4491-8741-CE7A8D140A97}.Debug|Any CPU.ActiveCfg = Debug|Any CPU
		{FF62C6CB-619F-4491-8741-CE7A8D140A97}.Debug|Any CPU.Build.0 = Debug|Any CPU
		{FF62C6CB-619F-4491-8741-CE7A8D140A97}.Debug|x64.ActiveCfg = Debug|Any CPU
		{FF62C6CB-619F-4491-8741-CE7A8D140A97}.Debug|x64.Build.0 = Debug|Any CPU
		{FF62C6CB-619F-4491-8741-CE7A8D140A97}.Debug|x86.ActiveCfg = Debug|Any CPU
		{FF62C6CB-619F-4491-8741-CE7A8D140A97}.Debug|x86.Build.0 = Debug|Any CPU
		{FF62C6CB-619F-4491-8741-CE7A8D140A97}.Release|Any CPU.ActiveCfg = Release|Any CPU
		{FF62C6CB-619F-4491-8741-CE7A8D140A97}.Release|Any CPU.Build.0 = Release|Any CPU
		{FF62C6CB-619F-4491-8741-CE7A8D140A97}.Release|x64.ActiveCfg = Release|Any CPU
		{FF62C6CB-619F-4491-8741-CE7A8D140A97}.Release|x64.Build.0 = Release|Any CPU
		{FF62C6CB-619F-4491-8741-CE7A8D140A97}.Release|x86.ActiveCfg = Release|Any CPU
		{FF62C6CB-619F-4491-8741-CE7A8D140A97}.Release|x86.Build.0 = Release|Any CPU
		{5F41F5DB-150D-4C0C-8FEE-4974410D7F3D}.Debug|Any CPU.ActiveCfg = Debug|Any CPU
		{5F41F5DB-150D-4C0C-8FEE-4974410D7F3D}.Debug|Any CPU.Build.0 = Debug|Any CPU
		{5F41F5DB-150D-4C0C-8FEE-4974410D7F3D}.Debug|x64.ActiveCfg = Debug|Any CPU
		{5F41F5DB-150D-4C0C-8FEE-4974410D7F3D}.Debug|x64.Build.0 = Debug|Any CPU
		{5F41F5DB-150D-4C0C-8FEE-4974410D7F3D}.Debug|x86.ActiveCfg = Debug|Any CPU
		{5F41F5DB-150D-4C0C-8FEE-4974410D7F3D}.Debug|x86.Build.0 = Debug|Any CPU
		{5F41F5DB-150D-4C0C-8FEE-4974410D7F3D}.Release|Any CPU.ActiveCfg = Release|Any CPU
		{5F41F5DB-150D-4C0C-8FEE-4974410D7F3D}.Release|Any CPU.Build.0 = Release|Any CPU
		{5F41F5DB-150D-4C0C-8FEE-4974410D7F3D}.Release|x64.ActiveCfg = Release|Any CPU
		{5F41F5DB-150D-4C0C-8FEE-4974410D7F3D}.Release|x64.Build.0 = Release|Any CPU
		{5F41F5DB-150D-4C0C-8FEE-4974410D7F3D}.Release|x86.ActiveCfg = Release|Any CPU
		{5F41F5DB-150D-4C0C-8FEE-4974410D7F3D}.Release|x86.Build.0 = Release|Any CPU
		{4FADEEE0-8EB3-49DB-948E-D6C79CF2D1B5}.Debug|Any CPU.ActiveCfg = Debug|Any CPU
		{4FADEEE0-8EB3-49DB-948E-D6C79CF2D1B5}.Debug|Any CPU.Build.0 = Debug|Any CPU
		{4FADEEE0-8EB3-49DB-948E-D6C79CF2D1B5}.Debug|x64.ActiveCfg = Debug|Any CPU
		{4FADEEE0-8EB3-49DB-948E-D6C79CF2D1B5}.Debug|x64.Build.0 = Debug|Any CPU
		{4FADEEE0-8EB3-49DB-948E-D6C79CF2D1B5}.Debug|x86.ActiveCfg = Debug|Any CPU
		{4FADEEE0-8EB3-49DB-948E-D6C79CF2D1B5}.Debug|x86.Build.0 = Debug|Any CPU
		{4FADEEE0-8EB3-49DB-948E-D6C79CF2D1B5}.Release|Any CPU.ActiveCfg = Release|Any CPU
		{4FADEEE0-8EB3-49DB-948E-D6C79CF2D1B5}.Release|Any CPU.Build.0 = Release|Any CPU
		{4FADEEE0-8EB3-49DB-948E-D6C79CF2D1B5}.Release|x64.ActiveCfg = Release|Any CPU
		{4FADEEE0-8EB3-49DB-948E-D6C79CF2D1B5}.Release|x64.Build.0 = Release|Any CPU
		{4FADEEE0-8EB3-49DB-948E-D6C79CF2D1B5}.Release|x86.ActiveCfg = Release|Any CPU
		{4FADEEE0-8EB3-49DB-948E-D6C79CF2D1B5}.Release|x86.Build.0 = Release|Any CPU
		{E50B5B61-DDC4-4C96-B87F-BAB4FDE53266}.Debug|Any CPU.ActiveCfg = Debug|Any CPU
		{E50B5B61-DDC4-4C96-B87F-BAB4FDE53266}.Debug|Any CPU.Build.0 = Debug|Any CPU
		{E50B5B61-DDC4-4C96-B87F-BAB4FDE53266}.Debug|x64.ActiveCfg = Debug|Any CPU
		{E50B5B61-DDC4-4C96-B87F-BAB4FDE53266}.Debug|x64.Build.0 = Debug|Any CPU
		{E50B5B61-DDC4-4C96-B87F-BAB4FDE53266}.Debug|x86.ActiveCfg = Debug|Any CPU
		{E50B5B61-DDC4-4C96-B87F-BAB4FDE53266}.Debug|x86.Build.0 = Debug|Any CPU
		{E50B5B61-DDC4-4C96-B87F-BAB4FDE53266}.Release|Any CPU.ActiveCfg = Release|Any CPU
		{E50B5B61-DDC4-4C96-B87F-BAB4FDE53266}.Release|Any CPU.Build.0 = Release|Any CPU
		{E50B5B61-DDC4-4C96-B87F-BAB4FDE53266}.Release|x64.ActiveCfg = Release|Any CPU
		{E50B5B61-DDC4-4C96-B87F-BAB4FDE53266}.Release|x64.Build.0 = Release|Any CPU
		{E50B5B61-DDC4-4C96-B87F-BAB4FDE53266}.Release|x86.ActiveCfg = Release|Any CPU
		{E50B5B61-DDC4-4C96-B87F-BAB4FDE53266}.Release|x86.Build.0 = Release|Any CPU
		{E67066E7-E3C0-4AE3-99A5-EC4E9F611E11}.Debug|Any CPU.ActiveCfg = Debug|Any CPU
		{E67066E7-E3C0-4AE3-99A5-EC4E9F611E11}.Debug|Any CPU.Build.0 = Debug|Any CPU
		{E67066E7-E3C0-4AE3-99A5-EC4E9F611E11}.Debug|x64.ActiveCfg = Debug|Any CPU
		{E67066E7-E3C0-4AE3-99A5-EC4E9F611E11}.Debug|x64.Build.0 = Debug|Any CPU
		{E67066E7-E3C0-4AE3-99A5-EC4E9F611E11}.Debug|x86.ActiveCfg = Debug|Any CPU
		{E67066E7-E3C0-4AE3-99A5-EC4E9F611E11}.Debug|x86.Build.0 = Debug|Any CPU
		{E67066E7-E3C0-4AE3-99A5-EC4E9F611E11}.Release|Any CPU.ActiveCfg = Release|Any CPU
		{E67066E7-E3C0-4AE3-99A5-EC4E9F611E11}.Release|Any CPU.Build.0 = Release|Any CPU
		{E67066E7-E3C0-4AE3-99A5-EC4E9F611E11}.Release|x64.ActiveCfg = Release|Any CPU
		{E67066E7-E3C0-4AE3-99A5-EC4E9F611E11}.Release|x64.Build.0 = Release|Any CPU
		{E67066E7-E3C0-4AE3-99A5-EC4E9F611E11}.Release|x86.ActiveCfg = Release|Any CPU
		{E67066E7-E3C0-4AE3-99A5-EC4E9F611E11}.Release|x86.Build.0 = Release|Any CPU
	EndGlobalSection
	GlobalSection(SolutionProperties) = preSolution
		HideSolutionNode = FALSE
	EndGlobalSection
	GlobalSection(NestedProjects) = preSolution
		{7B7DCFAD-6A58-4897-8ABE-7A260EAAF99F} = {0AB3BF05-4346-4AA6-1389-037BE0695223}
		{C5E8B583-1218-44BE-93CE-6F8736037DB0} = {B36A84DF-456D-A817-6EDD-3EC3E7F6E11F}
		{FF62C6CB-619F-4491-8741-CE7A8D140A97} = {B36A84DF-456D-A817-6EDD-3EC3E7F6E11F}
		{5F41F5DB-150D-4C0C-8FEE-4974410D7F3D} = {B36A84DF-456D-A817-6EDD-3EC3E7F6E11F}
		{4FADEEE0-8EB3-49DB-948E-D6C79CF2D1B5} = {B36A84DF-456D-A817-6EDD-3EC3E7F6E11F}
		{E50B5B61-DDC4-4C96-B87F-BAB4FDE53266} = {B36A84DF-456D-A817-6EDD-3EC3E7F6E11F}
		{E67066E7-E3C0-4AE3-99A5-EC4E9F611E11} = {B36A84DF-456D-A817-6EDD-3EC3E7F6E11F}
	EndGlobalSection
EndGlobal
